// !$*UTF8*$!
{
	archiveVersion = 1;
	classes = {
	};
	objectVersion = 55;
	objects = {

/* Begin PBXBuildFile section */
		C4949A672805DC5700569D38 /* Question.swift in Sources */ = {isa = PBXBuildFile; fileRef = C4949A662805DC5700569D38 /* Question.swift */; };
		C4949A692805EDAB00569D38 /* QuestionsViewController.swift in Sources */ = {isa = PBXBuildFile; fileRef = C4949A682805EDAB00569D38 /* QuestionsViewController.swift */; };
		C4949A6B2805EDCA00569D38 /* ResultViewController.swift in Sources */ = {isa = PBXBuildFile; fileRef = C4949A6A2805EDCA00569D38 /* ResultViewController.swift */; };
		C4A88F8C2804A8D1004A8CCE /* AppDelegate.swift in Sources */ = {isa = PBXBuildFile; fileRef = C4A88F8B2804A8D1004A8CCE /* AppDelegate.swift */; };
		C4A88F8E2804A8D1004A8CCE /* SceneDelegate.swift in Sources */ = {isa = PBXBuildFile; fileRef = C4A88F8D2804A8D1004A8CCE /* SceneDelegate.swift */; };
		C4A88F902804A8D1004A8CCE /* IntroductionViewController.swift in Sources */ = {isa = PBXBuildFile; fileRef = C4A88F8F2804A8D1004A8CCE /* IntroductionViewController.swift */; };
		C4A88F932804A8D1004A8CCE /* Main.storyboard in Resources */ = {isa = PBXBuildFile; fileRef = C4A88F912804A8D1004A8CCE /* Main.storyboard */; };
		C4A88F952804A8D3004A8CCE /* Assets.xcassets in Resources */ = {isa = PBXBuildFile; fileRef = C4A88F942804A8D3004A8CCE /* Assets.xcassets */; };
		C4A88F982804A8D3004A8CCE /* LaunchScreen.storyboard in Resources */ = {isa = PBXBuildFile; fileRef = C4A88F962804A8D3004A8CCE /* LaunchScreen.storyboard */; };
/* End PBXBuildFile section */

/* Begin PBXFileReference section */
		C4949A662805DC5700569D38 /* Question.swift */ = {isa = PBXFileReference; lastKnownFileType = sourcecode.swift; path = Question.swift; sourceTree = "<group>"; };
		C4949A682805EDAB00569D38 /* QuestionsViewController.swift */ = {isa = PBXFileReference; lastKnownFileType = sourcecode.swift; path = QuestionsViewController.swift; sourceTree = "<group>"; };
		C4949A6A2805EDCA00569D38 /* ResultViewController.swift */ = {isa = PBXFileReference; lastKnownFileType = sourcecode.swift; path = ResultViewController.swift; sourceTree = "<group>"; };
		C4A88F882804A8D1004A8CCE /* PersonalQuizApp.app */ = {isa = PBXFileReference; explicitFileType = wrapper.application; includeInIndex = 0; path = PersonalQuizApp.app; sourceTree = BUILT_PRODUCTS_DIR; };
		C4A88F8B2804A8D1004A8CCE /* AppDelegate.swift */ = {isa = PBXFileReference; lastKnownFileType = sourcecode.swift; path = AppDelegate.swift; sourceTree = "<group>"; };
		C4A88F8D2804A8D1004A8CCE /* SceneDelegate.swift */ = {isa = PBXFileReference; lastKnownFileType = sourcecode.swift; path = SceneDelegate.swift; sourceTree = "<group>"; };
		C4A88F8F2804A8D1004A8CCE /* IntroductionViewController.swift */ = {isa = PBXFileReference; lastKnownFileType = sourcecode.swift; path = IntroductionViewController.swift; sourceTree = "<group>"; };
		C4A88F922804A8D1004A8CCE /* Base */ = {isa = PBXFileReference; lastKnownFileType = file.storyboard; name = Base; path = Base.lproj/Main.storyboard; sourceTree = "<group>"; };
		C4A88F942804A8D3004A8CCE /* Assets.xcassets */ = {isa = PBXFileReference; lastKnownFileType = folder.assetcatalog; path = Assets.xcassets; sourceTree = "<group>"; };
		C4A88F972804A8D3004A8CCE /* Base */ = {isa = PBXFileReference; lastKnownFileType = file.storyboard; name = Base; path = Base.lproj/LaunchScreen.storyboard; sourceTree = "<group>"; };
		C4A88F992804A8D3004A8CCE /* Info.plist */ = {isa = PBXFileReference; lastKnownFileType = text.plist.xml; path = Info.plist; sourceTree = "<group>"; };
/* End PBXFileReference section */

/* Begin PBXFrameworksBuildPhase section */
		C4A88F852804A8D1004A8CCE /* Frameworks */ = {
			isa = PBXFrameworksBuildPhase;
			buildActionMask = 2147483647;
			files = (
			);
			runOnlyForDeploymentPostprocessing = 0;
		};
/* End PBXFrameworksBuildPhase section */

/* Begin PBXGroup section */
		C4A88F7F2804A8D1004A8CCE = {
			isa = PBXGroup;
			children = (
				C4A88F8A2804A8D1004A8CCE /* PersonalQuizApp */,
				C4A88F892804A8D1004A8CCE /* Products */,
			);
			sourceTree = "<group>";
		};
		C4A88F892804A8D1004A8CCE /* Products */ = {
			isa = PBXGroup;
			children = (
				C4A88F882804A8D1004A8CCE /* PersonalQuizApp.app */,
			);
			name = Products;
			sourceTree = "<group>";
		};
		C4A88F8A2804A8D1004A8CCE /* PersonalQuizApp */ = {
			isa = PBXGroup;
			children = (
				C4A88F9F2804AADB004A8CCE /* ViewControllers */,
				C4A88FA32804ABBB004A8CCE /* Models */,
				C4A88FA22804AB8D004A8CCE /* Storyboards */,
				C4A88FA12804AB6F004A8CCE /* Resources */,
				C4A88FA02804AB34004A8CCE /* App */,
			);
			path = PersonalQuizApp;
			sourceTree = "<group>";
		};
		C4A88F9F2804AADB004A8CCE /* ViewControllers */ = {
			isa = PBXGroup;
			children = (
				C4A88F8F2804A8D1004A8CCE /* IntroductionViewController.swift */,
				C4949A682805EDAB00569D38 /* QuestionsViewController.swift */,
				C4949A6A2805EDCA00569D38 /* ResultViewController.swift */,
			);
			path = ViewControllers;
			sourceTree = "<group>";
		};
		C4A88FA02804AB34004A8CCE /* App */ = {
			isa = PBXGroup;
			children = (
				C4A88F8B2804A8D1004A8CCE /* AppDelegate.swift */,
				C4A88F8D2804A8D1004A8CCE /* SceneDelegate.swift */,
				C4A88F992804A8D3004A8CCE /* Info.plist */,
			);
			path = App;
			sourceTree = "<group>";
		};
		C4A88FA12804AB6F004A8CCE /* Resources */ = {
			isa = PBXGroup;
			children = (
				C4A88F942804A8D3004A8CCE /* Assets.xcassets */,
			);
			path = Resources;
			sourceTree = "<group>";
		};
		C4A88FA22804AB8D004A8CCE /* Storyboards */ = {
			isa = PBXGroup;
			children = (
				C4A88F912804A8D1004A8CCE /* Main.storyboard */,
				C4A88F962804A8D3004A8CCE /* LaunchScreen.storyboard */,
			);
			path = Storyboards;
			sourceTree = "<group>";
		};
		C4A88FA32804ABBB004A8CCE /* Models */ = {
			isa = PBXGroup;
			children = (
				C4949A662805DC5700569D38 /* Question.swift */,
			);
			path = Models;
			sourceTree = "<group>";
		};
/* End PBXGroup section */

/* Begin PBXNativeTarget section */
		C4A88F872804A8D1004A8CCE /* PersonalQuizApp */ = {
			isa = PBXNativeTarget;
			buildConfigurationList = C4A88F9C2804A8D3004A8CCE /* Build configuration list for PBXNativeTarget "PersonalQuizApp" */;
			buildPhases = (
				C4A88F842804A8D1004A8CCE /* Sources */,
				C4A88F852804A8D1004A8CCE /* Frameworks */,
				C4A88F862804A8D1004A8CCE /* Resources */,
			);
			buildRules = (
			);
			dependencies = (
			);
			name = PersonalQuizApp;
			productName = PersonalQuizApp;
			productReference = C4A88F882804A8D1004A8CCE /* PersonalQuizApp.app */;
			productType = "com.apple.product-type.application";
		};
/* End PBXNativeTarget section */

/* Begin PBXProject section */
		C4A88F802804A8D1004A8CCE /* Project object */ = {
			isa = PBXProject;
			attributes = {
				BuildIndependentTargetsInParallel = 1;
				LastSwiftUpdateCheck = 1330;
				LastUpgradeCheck = 1330;
				TargetAttributes = {
					C4A88F872804A8D1004A8CCE = {
						CreatedOnToolsVersion = 13.3;
					};
				};
			};
			buildConfigurationList = C4A88F832804A8D1004A8CCE /* Build configuration list for PBXProject "PersonalQuizApp" */;
			compatibilityVersion = "Xcode 13.0";
			developmentRegion = en;
			hasScannedForEncodings = 0;
			knownRegions = (
				en,
				Base,
			);
			mainGroup = C4A88F7F2804A8D1004A8CCE;
			productRefGroup = C4A88F892804A8D1004A8CCE /* Products */;
			projectDirPath = "";
			projectRoot = "";
			targets = (
				C4A88F872804A8D1004A8CCE /* PersonalQuizApp */,
			);
		};
/* End PBXProject section */

/* Begin PBXResourcesBuildPhase section */
		C4A88F862804A8D1004A8CCE /* Resources */ = {
			isa = PBXResourcesBuildPhase;
			buildActionMask = 2147483647;
			files = (
				C4A88F982804A8D3004A8CCE /* LaunchScreen.storyboard in Resources */,
				C4A88F952804A8D3004A8CCE /* Assets.xcassets in Resources */,
				C4A88F932804A8D1004A8CCE /* Main.storyboard in Resources */,
			);
			runOnlyForDeploymentPostprocessing = 0;
		};
/* End PBXResourcesBuildPhase section */

/* Begin PBXSourcesBuildPhase section */
		C4A88F842804A8D1004A8CCE /* Sources */ = {
			isa = PBXSourcesBuildPhase;
			buildActionMask = 2147483647;
			files = (
				C4A88F902804A8D1004A8CCE /* IntroductionViewController.swift in Sources */,
				C4949A692805EDAB00569D38 /* QuestionsViewController.swift in Sources */,
				C4949A672805DC5700569D38 /* Question.swift in Sources */,
				C4A88F8C2804A8D1004A8CCE /* AppDelegate.swift in Sources */,
				C4A88F8E2804A8D1004A8CCE /* SceneDelegate.swift in Sources */,
				C4949A6B2805EDCA00569D38 /* ResultViewController.swift in Sources */,
			);
			runOnlyForDeploymentPostprocessing = 0;
		};
/* End PBXSourcesBuildPhase section */

/* Begin PBXVariantGroup section */
		C4A88F912804A8D1004A8CCE /* Main.storyboard */ = {
			isa = PBXVariantGroup;
			children = (
				C4A88F922804A8D1004A8CCE /* Base */,
			);
			name = Main.storyboard;
			sourceTree = "<group>";
		};
		C4A88F962804A8D3004A8CCE /* LaunchScreen.storyboard */ = {
			isa = PBXVariantGroup;
			children = (
				C4A88F972804A8D3004A8CCE /* Base */,
			);
			name = LaunchScreen.storyboard;
			sourceTree = "<group>";
		};
/* End PBXVariantGroup section */

/* Begin XCBuildConfiguration section */
		C4A88F9A2804A8D3004A8CCE /* Debug */ = {
			isa = XCBuildConfiguration;
			buildSettings = {
				ALWAYS_SEARCH_USER_PATHS = NO;
				CLANG_ANALYZER_NONNULL = YES;
				CLANG_ANALYZER_NUMBER_OBJECT_CONVERSION = YES_AGGRESSIVE;
				CLANG_CXX_LANGUAGE_STANDARD = "gnu++17";
				CLANG_ENABLE_MODULES = YES;
				CLANG_ENABLE_OBJC_ARC = YES;
				CLANG_ENABLE_OBJC_WEAK = YES;
				CLANG_WARN_BLOCK_CAPTURE_AUTORELEASING = YES;
				CLANG_WARN_BOOL_CONVERSION = YES;
				CLANG_WARN_COMMA = YES;
				CLANG_WARN_CONSTANT_CONVERSION = YES;
				CLANG_WARN_DEPRECATED_OBJC_IMPLEMENTATIONS = YES;
				CLANG_WARN_DIRECT_OBJC_ISA_USAGE = YES_ERROR;
				CLANG_WARN_DOCUMENTATION_COMMENTS = YES;
				CLANG_WARN_EMPTY_BODY = YES;
				CLANG_WARN_ENUM_CONVERSION = YES;
				CLANG_WARN_INFINITE_RECURSION = YES;
				CLANG_WARN_INT_CONVERSION = YES;
				CLANG_WARN_NON_LITERAL_NULL_CONVERSION = YES;
				CLANG_WARN_OBJC_IMPLICIT_RETAIN_SELF = YES;
				CLANG_WARN_OBJC_LITERAL_CONVERSION = YES;
				CLANG_WARN_OBJC_ROOT_CLASS = YES_ERROR;
				CLANG_WARN_QUOTED_INCLUDE_IN_FRAMEWORK_HEADER = YES;
				CLANG_WARN_RANGE_LOOP_ANALYSIS = YES;
				CLANG_WARN_STRICT_PROTOTYPES = YES;
				CLANG_WARN_SUSPICIOUS_MOVE = YES;
				CLANG_WARN_UNGUARDED_AVAILABILITY = YES_AGGRESSIVE;
				CLANG_WARN_UNREACHABLE_CODE = YES;
				CLANG_WARN__DUPLICATE_METHOD_MATCH = YES;
				COPY_PHASE_STRIP = NO;
				DEBUG_INFORMATION_FORMAT = dwarf;
				ENABLE_STRICT_OBJC_MSGSEND = YES;
				ENABLE_TESTABILITY = YES;
				GCC_C_LANGUAGE_STANDARD = gnu11;
				GCC_DYNAMIC_NO_PIC = NO;
				GCC_NO_COMMON_BLOCKS = YES;
				GCC_OPTIMIZATION_LEVEL = 0;
				GCC_PREPROCESSOR_DEFINITIONS = (
					"DEBUG=1",
					"$(inherited)",
				);
				GCC_WARN_64_TO_32_BIT_CONVERSION = YES;
				GCC_WARN_ABOUT_RETURN_TYPE = YES_ERROR;
				GCC_WARN_UNDECLARED_SELECTOR = YES;
				GCC_WARN_UNINITIALIZED_AUTOS = YES_AGGRESSIVE;
				GCC_WARN_UNUSED_FUNCTION = YES;
				GCC_WARN_UNUSED_VARIABLE = YES;
				IPHONEOS_DEPLOYMENT_TARGET = 15.4;
				MTL_ENABLE_DEBUG_INFO = INCLUDE_SOURCE;
				MTL_FAST_MATH = YES;
				ONLY_ACTIVE_ARCH = YES;
				SDKROOT = iphoneos;
				SWIFT_ACTIVE_COMPILATION_CONDITIONS = DEBUG;
				SWIFT_OPTIMIZATION_LEVEL = "-Onone";
			};
			name = Debug;
		};
		C4A88F9B2804A8D3004A8CCE /* Release */ = {
			isa = XCBuildConfiguration;
			buildSettings = {
				ALWAYS_SEARCH_USER_PATHS = NO;
				CLANG_ANALYZER_NONNULL = YES;
				CLANG_ANALYZER_NUMBER_OBJECT_CONVERSION = YES_AGGRESSIVE;
				CLANG_CXX_LANGUAGE_STANDARD = "gnu++17";
				CLANG_ENABLE_MODULES = YES;
				CLANG_ENABLE_OBJC_ARC = YES;
				CLANG_ENABLE_OBJC_WEAK = YES;
				CLANG_WARN_BLOCK_CAPTURE_AUTORELEASING = YES;
				CLANG_WARN_BOOL_CONVERSION = YES;
				CLANG_WARN_COMMA = YES;
				CLANG_WARN_CONSTANT_CONVERSION = YES;
				CLANG_WARN_DEPRECATED_OBJC_IMPLEMENTATIONS = YES;
				CLANG_WARN_DIRECT_OBJC_ISA_USAGE = YES_ERROR;
				CLANG_WARN_DOCUMENTATION_COMMENTS = YES;
				CLANG_WARN_EMPTY_BODY = YES;
				CLANG_WARN_ENUM_CONVERSION = YES;
				CLANG_WARN_INFINITE_RECURSION = YES;
				CLANG_WARN_INT_CONVERSION = YES;
				CLANG_WARN_NON_LITERAL_NULL_CONVERSION = YES;
				CLANG_WARN_OBJC_IMPLICIT_RETAIN_SELF = YES;
				CLANG_WARN_OBJC_LITERAL_CONVERSION = YES;
				CLANG_WARN_OBJC_ROOT_CLASS = YES_ERROR;
				CLANG_WARN_QUOTED_INCLUDE_IN_FRAMEWORK_HEADER = YES;
				CLANG_WARN_RANGE_LOOP_ANALYSIS = YES;
				CLANG_WARN_STRICT_PROTOTYPES = YES;
				CLANG_WARN_SUSPICIOUS_MOVE = YES;
				CLANG_WARN_UNGUARDED_AVAILABILITY = YES_AGGRESSIVE;
				CLANG_WARN_UNREACHABLE_CODE = YES;
				CLANG_WARN__DUPLICATE_METHOD_MATCH = YES;
				COPY_PHASE_STRIP = NO;
				DEBUG_INFORMATION_FORMAT = "dwarf-with-dsym";
				ENABLE_NS_ASSERTIONS = NO;
				ENABLE_STRICT_OBJC_MSGSEND = YES;
				GCC_C_LANGUAGE_STANDARD = gnu11;
				GCC_NO_COMMON_BLOCKS = YES;
				GCC_WARN_64_TO_32_BIT_CONVERSION = YES;
				GCC_WARN_ABOUT_RETURN_TYPE = YES_ERROR;
				GCC_WARN_UNDECLARED_SELECTOR = YES;
				GCC_WARN_UNINITIALIZED_AUTOS = YES_AGGRESSIVE;
				GCC_WARN_UNUSED_FUNCTION = YES;
				GCC_WARN_UNUSED_VARIABLE = YES;
				IPHONEOS_DEPLOYMENT_TARGET = 15.4;
				MTL_ENABLE_DEBUG_INFO = NO;
				MTL_FAST_MATH = YES;
				SDKROOT = iphoneos;
				SWIFT_COMPILATION_MODE = wholemodule;
				SWIFT_OPTIMIZATION_LEVEL = "-O";
				VALIDATE_PRODUCT = YES;
			};
			name = Release;
		};
		C4A88F9D2804A8D3004A8CCE /* Debug */ = {
			isa = XCBuildConfiguration;
			buildSettings = {
				ASSETCATALOG_COMPILER_APPICON_NAME = AppIcon;
				ASSETCATALOG_COMPILER_GLOBAL_ACCENT_COLOR_NAME = AccentColor;
				CODE_SIGN_STYLE = Automatic;
				CURRENT_PROJECT_VERSION = 1;
				DEVELOPMENT_TEAM = F8B7Q96243;
				GENERATE_INFOPLIST_FILE = YES;
				INFOPLIST_FILE = PersonalQuizApp/App/Info.plist;
				INFOPLIST_KEY_UIApplicationSupportsIndirectInputEvents = YES;
				INFOPLIST_KEY_UILaunchStoryboardName = LaunchScreen;
				INFOPLIST_KEY_UIMainStoryboardFile = Main;
				INFOPLIST_KEY_UISupportedInterfaceOrientations_iPad = "UIInterfaceOrientationPortrait UIInterfaceOrientationPortraitUpsideDown UIInterfaceOrientationLandscapeLeft UIInterfaceOrientationLandscapeRight";
				INFOPLIST_KEY_UISupportedInterfaceOrientations_iPhone = "UIInterfaceOrientationPortrait UIInterfaceOrientationLandscapeLeft UIInterfaceOrientationLandscapeRight";
				LD_RUNPATH_SEARCH_PATHS = (
					"$(inherited)",
					"@executable_path/Frameworks",
				);
				MARKETING_VERSION = 1.0;
				PRODUCT_BUNDLE_IDENTIFIER = "Dmitriy-Starozhilov.PersonalQuizApp";
				PRODUCT_NAME = "$(TARGET_NAME)";
				SWIFT_EMIT_LOC_STRINGS = YES;
				SWIFT_VERSION = 5.0;
				TARGETED_DEVICE_FAMILY = 1;
			};
			name = Debug;
		};
		C4A88F9E2804A8D3004A8CCE /* Release */ = {
			isa = XCBuildConfiguration;
			buildSettings = {
				ASSETCATALOG_COMPILER_APPICON_NAME = AppIcon;
				ASSETCATALOG_COMPILER_GLOBAL_ACCENT_COLOR_NAME = AccentColor;
				CODE_SIGN_STYLE = Automatic;
				CURRENT_PROJECT_VERSION = 1;
				DEVELOPMENT_TEAM = F8B7Q96243;
				GENERATE_INFOPLIST_FILE = YES;
				INFOPLIST_FILE = PersonalQuizApp/App/Info.plist;
				INFOPLIST_KEY_UIApplicationSupportsIndirectInputEvents = YES;
				INFOPLIST_KEY_UILaunchStoryboardName = LaunchScreen;
				INFOPLIST_KEY_UIMainStoryboardFile = Main;
				INFOPLIST_KEY_UISupportedInterfaceOrientations_iPad = "UIInterfaceOrientationPortrait UIInterfaceOrientationPortraitUpsideDown UIInterfaceOrientationLandscapeLeft UIInterfaceOrientationLandscapeRight";
				INFOPLIST_KEY_UISupportedInterfaceOrientations_iPhone = "UIInterfaceOrientationPortrait UIInterfaceOrientationLandscapeLeft UIInterfaceOrientationLandscapeRight";
				LD_RUNPATH_SEARCH_PATHS = (
					"$(inherited)",
					"@executable_path/Frameworks",
				);
				MARKETING_VERSION = 1.0;
				PRODUCT_BUNDLE_IDENTIFIER = "Dmitriy-Starozhilov.PersonalQuizApp";
				PRODUCT_NAME = "$(TARGET_NAME)";
				SWIFT_EMIT_LOC_STRINGS = YES;
				SWIFT_VERSION = 5.0;
				TARGETED_DEVICE_FAMILY = 1;
			};
			name = Release;
		};
/* End XCBuildConfiguration section */

/* Begin XCConfigurationList section */
		C4A88F832804A8D1004A8CCE /* Build configuration list for PBXProject "PersonalQuizApp" */ = {
			isa = XCConfigurationList;
			buildConfigurations = (
				C4A88F9A2804A8D3004A8CCE /* Debug */,
				C4A88F9B2804A8D3004A8CCE /* Release */,
			);
			defaultConfigurationIsVisible = 0;
			defaultConfigurationName = Release;
		};
		C4A88F9C2804A8D3004A8CCE /* Build configuration list for PBXNativeTarget "PersonalQuizApp" */ = {
			isa = XCConfigurationList;
			buildConfigurations = (
				C4A88F9D2804A8D3004A8CCE /* Debug */,
				C4A88F9E2804A8D3004A8CCE /* Release */,
			);
			defaultConfigurationIsVisible = 0;
			defaultConfigurationName = Release;
		};
/* End XCConfigurationList section */
	};
	rootObject = C4A88F802804A8D1004A8CCE /* Project object */;
}
